
Microsoft Visual Studio Solution File, Format Version 12.00
# Visual Studio Version 17
VisualStudioVersion = 17.10.35004.147
MinimumVisualStudioVersion = 10.0.40219.1
Project("{FAE04EC0-301F-11D3-BF4B-00C04F79EFBC}") = "Sessions&Cookies", "Sessions&Cookies\Sessions&Cookies.csproj", "{D291AB8B-4E34-4C8F-A018-30CF292ECCC0}"
EndProject
Global
	GlobalSection(SolutionConfigurationPlatforms) = preSolution
		Debug|Any CPU = Debug|Any CPU
		Release|Any CPU = Release|Any CPU
	EndGlobalSection
	GlobalSection(ProjectConfigurationPlatforms) = postSolution
		{D291AB8B-4E34-4C8F-A018-30CF292ECCC0}.Debug|Any CPU.ActiveCfg = Debug|Any CPU
		{D291AB8B-4E34-4C8F-A018-30CF292ECCC0}.Debug|Any CPU.Build.0 = Debug|Any CPU
		{D291AB8B-4E34-4C8F-A018-30CF292ECCC0}.Release|Any CPU.ActiveCfg = Release|Any CPU
		{D291AB8B-4E34-4C8F-A018-30CF292ECCC0}.Release|Any CPU.Build.0 = Release|Any CPU
	EndGlobalSection
	GlobalSection(SolutionProperties) = preSolution
		HideSolutionNode = FALSE
	EndGlobalSection
	GlobalSection(ExtensibilityGlobals) = postSolution
		SolutionGuid = {E7BC89AC-7863-4EA3-A6DD-852433C39BBB}
	EndGlobalSection
EndGlobal
